{
  "object": {
    "pins": [
      {
        "package": "SnapshotTestingHEIC",
        "repositoryURL": "https://github.com/alexey1312/SnapshotTestingHEIC.git",
        "state": {
          "branch": null,
          "revision": "cfdfdd431e3f7b272faa935fa0d1c1707839d443",
          "version": "1.1.0"
        }
      },
      {
        "package": "swift-snapshot-testing",
        "repositoryURL": "https://github.com/pointfreeco/swift-snapshot-testing.git",
        "state": {
          "branch": null,
          "revision": "f29e2014f6230cf7d5138fc899da51c7f513d467",
          "version": "1.10.0"
        }
      }
    ]
  },
  "version": 1
}
